
Microsoft Visual Studio Solution File, Format Version 12.00
# Visual Studio Version 17
VisualStudioVersion = 17.4.33213.308
MinimumVisualStudioVersion = 10.0.40219.1
Project("{FAE04EC0-301F-11D3-BF4B-00C04F79EFBC}") = "Nested for loop", "Nested for loop\Nested for loop.csproj", "{D920ED13-75CD-4CC4-8F58-AF1830EF5B5C}"
EndProject
Global
	GlobalSection(SolutionConfigurationPlatforms) = preSolution
		Debug|Any CPU = Debug|Any CPU
		Release|Any CPU = Release|Any CPU
	EndGlobalSection
	GlobalSection(ProjectConfigurationPlatforms) = postSolution
		{D920ED13-75CD-4CC4-8F58-AF1830EF5B5C}.Debug|Any CPU.ActiveCfg = Debug|Any CPU
		{D920ED13-75CD-4CC4-8F58-AF1830EF5B5C}.Debug|Any CPU.Build.0 = Debug|Any CPU
		{D920ED13-75CD-4CC4-8F58-AF1830EF5B5C}.Release|Any CPU.ActiveCfg = Release|Any CPU
		{D920ED13-75CD-4CC4-8F58-AF1830EF5B5C}.Release|Any CPU.Build.0 = Release|Any CPU
	EndGlobalSection
	GlobalSection(SolutionProperties) = preSolution
		HideSolutionNode = FALSE
	EndGlobalSection
	GlobalSection(ExtensibilityGlobals) = postSolution
		SolutionGuid = {A31A53D2-BA5A-40C7-BAF9-2E859EE05433}
	EndGlobalSection
EndGlobal
